
Microsoft Visual Studio Solution File, Format Version 12.00
# Visual Studio Version 17
VisualStudioVersion = 17.2.32602.215
MinimumVisualStudioVersion = 10.0.40219.1
Project("{9A19103F-16F7-4668-BE54-9A1E7A4F7556}") = "Entities", "Entities\Entities.csproj", "{AA39BD3C-9CE9-4590-8721-32083E123F32}"
EndProject
Project("{9A19103F-16F7-4668-BE54-9A1E7A4F7556}") = "Business", "Business\Business.csproj", "{46A090E9-7196-4205-AED1-45CB5B4BFCA3}"
EndProject
Project("{9A19103F-16F7-4668-BE54-9A1E7A4F7556}") = "DataAccess", "DataAccess\DataAccess.csproj", "{963947A7-7B14-4075-8905-F260FFEE12F1}"
EndProject
Project("{9A19103F-16F7-4668-BE54-9A1E7A4F7556}") = "Core", "Core\Core.csproj", "{D88A4676-3527-4D6F-B807-6BF0DE65E437}"
EndProject
Project("{9A19103F-16F7-4668-BE54-9A1E7A4F7556}") = "WebAPI", "WebAPI\WebAPI.csproj", "{8EAD1939-ABC1-478F-9C12-8BA55C4514EF}"
EndProject
Global
	GlobalSection(SolutionConfigurationPlatforms) = preSolution
		Debug|Any CPU = Debug|Any CPU
		Release|Any CPU = Release|Any CPU
	EndGlobalSection
	GlobalSection(ProjectConfigurationPlatforms) = postSolution
		{AA39BD3C-9CE9-4590-8721-32083E123F32}.Debug|Any CPU.ActiveCfg = Debug|Any CPU
		{AA39BD3C-9CE9-4590-8721-32083E123F32}.Debug|Any CPU.Build.0 = Debug|Any CPU
		{AA39BD3C-9CE9-4590-8721-32083E123F32}.Release|Any CPU.ActiveCfg = Release|Any CPU
		{AA39BD3C-9CE9-4590-8721-32083E123F32}.Release|Any CPU.Build.0 = Release|Any CPU
		{46A090E9-7196-4205-AED1-45CB5B4BFCA3}.Debug|Any CPU.ActiveCfg = Debug|Any CPU
		{46A090E9-7196-4205-AED1-45CB5B4BFCA3}.Debug|Any CPU.Build.0 = Debug|Any CPU
		{46A090E9-7196-4205-AED1-45CB5B4BFCA3}.Release|Any CPU.ActiveCfg = Release|Any CPU
		{46A090E9-7196-4205-AED1-45CB5B4BFCA3}.Release|Any CPU.Build.0 = Release|Any CPU
		{963947A7-7B14-4075-8905-F260FFEE12F1}.Debug|Any CPU.ActiveCfg = Debug|Any CPU
		{963947A7-7B14-4075-8905-F260FFEE12F1}.Debug|Any CPU.Build.0 = Debug|Any CPU
		{963947A7-7B14-4075-8905-F260FFEE12F1}.Release|Any CPU.ActiveCfg = Release|Any CPU
		{963947A7-7B14-4075-8905-F260FFEE12F1}.Release|Any CPU.Build.0 = Release|Any CPU
		{D88A4676-3527-4D6F-B807-6BF0DE65E437}.Debug|Any CPU.ActiveCfg = Debug|Any CPU
		{D88A4676-3527-4D6F-B807-6BF0DE65E437}.Debug|Any CPU.Build.0 = Debug|Any CPU
		{D88A4676-3527-4D6F-B807-6BF0DE65E437}.Release|Any CPU.ActiveCfg = Release|Any CPU
		{D88A4676-3527-4D6F-B807-6BF0DE65E437}.Release|Any CPU.Build.0 = Release|Any CPU
		{8EAD1939-ABC1-478F-9C12-8BA55C4514EF}.Debug|Any CPU.ActiveCfg = Debug|Any CPU
		{8EAD1939-ABC1-478F-9C12-8BA55C4514EF}.Debug|Any CPU.Build.0 = Debug|Any CPU
		{8EAD1939-ABC1-478F-9C12-8BA55C4514EF}.Release|Any CPU.ActiveCfg = Release|Any CPU
		{8EAD1939-ABC1-478F-9C12-8BA55C4514EF}.Release|Any CPU.Build.0 = Release|Any CPU
	EndGlobalSection
	GlobalSection(SolutionProperties) = preSolution
		HideSolutionNode = FALSE
	EndGlobalSection
	GlobalSection(ExtensibilityGlobals) = postSolution
		SolutionGuid = {FAC307F7-4F62-48F0-BB3C-A5E7E1203FDB}
	EndGlobalSection
EndGlobal
